
Microsoft Visual Studio Solution File, Format Version 12.00
# Visual Studio 14
VisualStudioVersion = 14.0.23107.0
MinimumVisualStudioVersion = 10.0.40219.1
Project("{2150E333-8FDC-42A3-9474-1A3956D46DE8}") = "Engine", "Engine", "{B1EC945A-BDE5-4EFA-AB01-A2843BAB1F22}"
EndProject
Project("{2150E333-8FDC-42A3-9474-1A3956D46DE8}") = "Games", "Games", "{6465C451-FCCB-42BF-9F87-5159BE8E443B}"
EndProject
Project("{8BC9CEB8-8B4A-11D0-8D11-00A0C91BC942}") = "UE4", "Intermediate\ProjectFiles\UE4.vcxproj", "{7BBDF719-25A3-4983-A8FC-5F4DEFC73122}"
EndProject
Project("{8BC9CEB8-8B4A-11D0-8D11-00A0C91BC942}") = "ZombieShooter", "Intermediate\ProjectFiles\ZombieShooter.vcxproj", "{6D64BCE1-D898-4EB8-8DAE-02A9A74C1205}"
EndProject
Global
	GlobalSection(SolutionConfigurationPlatforms) = preSolution
		DebugGame Editor|Win32 = DebugGame Editor|Win32
		DebugGame Editor|Win64 = DebugGame Editor|Win64
		DebugGame|Win32 = DebugGame|Win32
		DebugGame|Win64 = DebugGame|Win64
		Development Editor|Win32 = Development Editor|Win32
		Development Editor|Win64 = Development Editor|Win64
		Development|Win32 = Development|Win32
		Development|Win64 = Development|Win64
		Shipping|Win32 = Shipping|Win32
		Shipping|Win64 = Shipping|Win64
	EndGlobalSection
	GlobalSection(ProjectConfigurationPlatforms) = postSolution
		{7BBDF719-25A3-4983-A8FC-5F4DEFC73122}.DebugGame Editor|Win32.ActiveCfg = BuiltWithUnrealBuildTool|Win32
		{7BBDF719-25A3-4983-A8FC-5F4DEFC73122}.DebugGame Editor|Win32.Build.0 = BuiltWithUnrealBuildTool|Win32
		{7BBDF719-25A3-4983-A8FC-5F4DEFC73122}.DebugGame Editor|Win64.ActiveCfg = BuiltWithUnrealBuildTool|Win32
		{7BBDF719-25A3-4983-A8FC-5F4DEFC73122}.DebugGame Editor|Win64.Build.0 = BuiltWithUnrealBuildTool|Win32
		{7BBDF719-25A3-4983-A8FC-5F4DEFC73122}.DebugGame|Win32.ActiveCfg = BuiltWithUnrealBuildTool|Win32
		{7BBDF719-25A3-4983-A8FC-5F4DEFC73122}.DebugGame|Win32.Build.0 = BuiltWithUnrealBuildTool|Win32
		{7BBDF719-25A3-4983-A8FC-5F4DEFC73122}.DebugGame|Win64.ActiveCfg = BuiltWithUnrealBuildTool|Win32
		{7BBDF719-25A3-4983-A8FC-5F4DEFC73122}.DebugGame|Win64.Build.0 = BuiltWithUnrealBuildTool|Win32
		{7BBDF719-25A3-4983-A8FC-5F4DEFC73122}.Development Editor|Win32.ActiveCfg = BuiltWithUnrealBuildTool|Win32
		{7BBDF719-25A3-4983-A8FC-5F4DEFC73122}.Development Editor|Win32.Build.0 = BuiltWithUnrealBuildTool|Win32
		{7BBDF719-25A3-4983-A8FC-5F4DEFC73122}.Development Editor|Win64.ActiveCfg = BuiltWithUnrealBuildTool|Win32
		{7BBDF719-25A3-4983-A8FC-5F4DEFC73122}.Development Editor|Win64.Build.0 = BuiltWithUnrealBuildTool|Win32
		{7BBDF719-25A3-4983-A8FC-5F4DEFC73122}.Development|Win32.ActiveCfg = BuiltWithUnrealBuildTool|Win32
		{7BBDF719-25A3-4983-A8FC-5F4DEFC73122}.Development|Win32.Build.0 = BuiltWithUnrealBuildTool|Win32
		{7BBDF719-25A3-4983-A8FC-5F4DEFC73122}.Development|Win64.ActiveCfg = BuiltWithUnrealBuildTool|Win32
		{7BBDF719-25A3-4983-A8FC-5F4DEFC73122}.Development|Win64.Build.0 = BuiltWithUnrealBuildTool|Win32
		{7BBDF719-25A3-4983-A8FC-5F4DEFC73122}.Shipping|Win32.ActiveCfg = BuiltWithUnrealBuildTool|Win32
		{7BBDF719-25A3-4983-A8FC-5F4DEFC73122}.Shipping|Win32.Build.0 = BuiltWithUnrealBuildTool|Win32
		{7BBDF719-25A3-4983-A8FC-5F4DEFC73122}.Shipping|Win64.ActiveCfg = BuiltWithUnrealBuildTool|Win32
		{7BBDF719-25A3-4983-A8FC-5F4DEFC73122}.Shipping|Win64.Build.0 = BuiltWithUnrealBuildTool|Win32
		{6D64BCE1-D898-4EB8-8DAE-02A9A74C1205}.DebugGame Editor|Win32.ActiveCfg = DebugGame_Editor|Win32
		{6D64BCE1-D898-4EB8-8DAE-02A9A74C1205}.DebugGame Editor|Win32.Build.0 = DebugGame_Editor|Win32
		{6D64BCE1-D898-4EB8-8DAE-02A9A74C1205}.DebugGame Editor|Win64.ActiveCfg = DebugGame_Editor|x64
		{6D64BCE1-D898-4EB8-8DAE-02A9A74C1205}.DebugGame Editor|Win64.Build.0 = DebugGame_Editor|x64
		{6D64BCE1-D898-4EB8-8DAE-02A9A74C1205}.DebugGame|Win32.ActiveCfg = DebugGame_Game|Win32
		{6D64BCE1-D898-4EB8-8DAE-02A9A74C1205}.DebugGame|Win32.Build.0 = DebugGame_Game|Win32
		{6D64BCE1-D898-4EB8-8DAE-02A9A74C1205}.DebugGame|Win64.ActiveCfg = DebugGame_Game|x64
		{6D64BCE1-D898-4EB8-8DAE-02A9A74C1205}.DebugGame|Win64.Build.0 = DebugGame_Game|x64
		{6D64BCE1-D898-4EB8-8DAE-02A9A74C1205}.Development Editor|Win32.ActiveCfg = Development_Editor|Win32
		{6D64BCE1-D898-4EB8-8DAE-02A9A74C1205}.Development Editor|Win32.Build.0 = Development_Editor|Win32
		{6D64BCE1-D898-4EB8-8DAE-02A9A74C1205}.Development Editor|Win64.ActiveCfg = Development_Editor|x64
		{6D64BCE1-D898-4EB8-8DAE-02A9A74C1205}.Development Editor|Win64.Build.0 = Development_Editor|x64
		{6D64BCE1-D898-4EB8-8DAE-02A9A74C1205}.Development|Win32.ActiveCfg = Development_Game|Win32
		{6D64BCE1-D898-4EB8-8DAE-02A9A74C1205}.Development|Win32.Build.0 = Development_Game|Win32
		{6D64BCE1-D898-4EB8-8DAE-02A9A74C1205}.Development|Win64.ActiveCfg = Development_Game|x64
		{6D64BCE1-D898-4EB8-8DAE-02A9A74C1205}.Development|Win64.Build.0 = Development_Game|x64
		{6D64BCE1-D898-4EB8-8DAE-02A9A74C1205}.Shipping|Win32.ActiveCfg = Shipping_Game|Win32
		{6D64BCE1-D898-4EB8-8DAE-02A9A74C1205}.Shipping|Win32.Build.0 = Shipping_Game|Win32
		{6D64BCE1-D898-4EB8-8DAE-02A9A74C1205}.Shipping|Win64.ActiveCfg = Shipping_Game|x64
		{6D64BCE1-D898-4EB8-8DAE-02A9A74C1205}.Shipping|Win64.Build.0 = Shipping_Game|x64
	EndGlobalSection
	GlobalSection(SolutionProperties) = preSolution
		HideSolutionNode = FALSE
	EndGlobalSection
	GlobalSection(NestedProjects) = preSolution
		{7BBDF719-25A3-4983-A8FC-5F4DEFC73122} = {B1EC945A-BDE5-4EFA-AB01-A2843BAB1F22}
		{6D64BCE1-D898-4EB8-8DAE-02A9A74C1205} = {6465C451-FCCB-42BF-9F87-5159BE8E443B}
	EndGlobalSection
EndGlobal
